{
  "name": "wpkit",
  "lockfileVersion": 2,
  "requires": true,
  "packages": {
    "": {
      "dependencies": {
        "uikit": "^3.15.24"
      }
    },
    "node_modules/uikit": {
      "version": "3.15.24",
      "resolved": "https://registry.npmjs.org/uikit/-/uikit-3.15.24.tgz",
      "integrity": "sha512-/+gEflrIh6VMFyWwLInYnmzHSBN4v0wdDuO9W+JsCGs6omZzYsBvqRrOCHa9AGNhOZOHhcw52ZtxKBpkXjaoBA=="
    }
  },
  "dependencies": {
    "uikit": {
      "version": "3.15.24",
      "resolved": "https://registry.npmjs.org/uikit/-/uikit-3.15.24.tgz",
      "integrity": "sha512-/+gEflrIh6VMFyWwLInYnmzHSBN4v0wdDuO9W+JsCGs6omZzYsBvqRrOCHa9AGNhOZOHhcw52ZtxKBpkXjaoBA=="
    }
  }
}
